{
    "name": "eslint-config-hardcore",
    "version": "2.1.0",
    "lockfileVersion": 1,
    "dependencies": {
        "eslint-plugin-promise": {
            "version": "3.5.0",
            "resolved": "https://registry.npmjs.org/eslint-plugin-promise/-/eslint-plugin-promise-3.5.0.tgz",
            "integrity": "sha1-ePu2/+BHIBYnVp6FpsU3OvKmj8o="
        }
    }
}
