{
    "name": "eslint-config-hardcore",
    "version": "4.1.0",
    "lockfileVersion": 1,
    "requires": true,
    "dependencies": {
        "eslint-plugin-promise": {
            "version": "4.0.0",
            "resolved": "https://registry.npmjs.org/eslint-plugin-promise/-/eslint-plugin-promise-4.0.0.tgz",
            "integrity": "sha512-3on8creJifkmNHvT425jCWSuVK0DG0Quf3H75ENZFqvHl6/s2xme8z6bfxww13XwqfELYWKxc/N3AtBXyV1hdg=="
        }
    }
}
