{
    "name": "eslint-config-hardcore",
    "version": "7.1.0",
    "lockfileVersion": 1,
    "requires": true,
    "dependencies": {
        "@babel/code-frame": {
            "version": "7.5.5",
            "resolved": "https://registry.npmjs.org/@babel/code-frame/-/code-frame-7.5.5.tgz",
            "integrity": "sha512-27d4lZoomVyo51VegxI20xZPuSHusqbQag/ztrBC7wegWoQ1nLREPVSKSW8byhTlzTKyNE4ifaTA6lCp7JjpFw==",
            "requires": {
                "@babel/highlight": "^7.0.0"
            }
        },
        "@babel/highlight": {
            "version": "7.5.0",
            "resolved": "https://registry.npmjs.org/@babel/highlight/-/highlight-7.5.0.tgz",
            "integrity": "sha512-7dV4eu9gBxoM0dAnj/BCFDW9LFU0zvTrkq0ugM7pnHEgguOEeOz1so2ZghEdzviYzQEED0r4EAgpsBChKy1TRQ==",
            "requires": {
                "chalk": "^2.0.0",
                "esutils": "^2.0.2",
                "js-tokens": "^4.0.0"
            }
        },
        "@types/normalize-package-data": {
            "version": "2.4.0",
            "resolved": "https://registry.npmjs.org/@types/normalize-package-data/-/normalize-package-data-2.4.0.tgz",
            "integrity": "sha512-f5j5b/Gf71L+dbqxIpQ4Z2WlmI/mPJ0fOkGGmFgtb6sAu97EPczzbS3/tJKxmcYDj55OX6ssqwDAWOHIYDRDGA=="
        },
        "acorn": {
            "version": "7.1.0",
            "resolved": "https://registry.npmjs.org/acorn/-/acorn-7.1.0.tgz",
            "integrity": "sha512-kL5CuoXA/dgxlBbVrflsflzQ3PAas7RYZB52NOm/6839iVYJgKMJ3cQJD+t2i5+qFa8h3MDpEOJiS64E8JLnSQ=="
        },
        "acorn-jsx": {
            "version": "5.1.0",
            "resolved": "https://registry.npmjs.org/acorn-jsx/-/acorn-jsx-5.1.0.tgz",
            "integrity": "sha512-tMUqwBWfLFbJbizRmEcWSLw6HnFzfdJs2sOJEOwwtVPMoH/0Ay+E703oZz78VSXZiiDcZrQ5XKjPIUQixhmgVw=="
        },
        "ansi-styles": {
            "version": "3.2.1",
            "resolved": "https://registry.npmjs.org/ansi-styles/-/ansi-styles-3.2.1.tgz",
            "integrity": "sha512-VT0ZI6kZRdTh8YyJw3SMbYm/u+NqfsAxEpWO0Pf9sq8/e94WxxOpPKx9FR1FlyCtOVDNOQ+8ntlqFxiRc+r5qA==",
            "requires": {
                "color-convert": "^1.9.0"
            }
        },
        "array-includes": {
            "version": "3.0.3",
            "resolved": "https://registry.npmjs.org/array-includes/-/array-includes-3.0.3.tgz",
            "integrity": "sha1-GEtI9i2S10UrsxsyMWXH+L0CJm0=",
            "requires": {
                "define-properties": "^1.1.2",
                "es-abstract": "^1.7.0"
            }
        },
        "balanced-match": {
            "version": "1.0.0",
            "resolved": "https://registry.npmjs.org/balanced-match/-/balanced-match-1.0.0.tgz",
            "integrity": "sha1-ibTRmasr7kneFk6gK4nORi1xt2c="
        },
        "brace-expansion": {
            "version": "1.1.11",
            "resolved": "https://registry.npmjs.org/brace-expansion/-/brace-expansion-1.1.11.tgz",
            "integrity": "sha512-iCuPHDFgrHX7H2vEI/5xpz07zSHB00TpugqhmYtVmMO6518mCuRMoOYFldEBl0g187ufozdaHgWKcYFb61qGiA==",
            "requires": {
                "balanced-match": "^1.0.0",
                "concat-map": "0.0.1"
            }
        },
        "chalk": {
            "version": "2.4.2",
            "resolved": "https://registry.npmjs.org/chalk/-/chalk-2.4.2.tgz",
            "integrity": "sha512-Mti+f9lpJNcwF4tWV8/OrTTtF1gZi+f8FqlyAdouralcFWFQWF2+NgCHShjkCb+IFBLq9buZwE1xckQU4peSuQ==",
            "requires": {
                "ansi-styles": "^3.2.1",
                "escape-string-regexp": "^1.0.5",
                "supports-color": "^5.3.0"
            }
        },
        "ci-info": {
            "version": "2.0.0",
            "resolved": "https://registry.npmjs.org/ci-info/-/ci-info-2.0.0.tgz",
            "integrity": "sha512-5tK7EtrZ0N+OLFMthtqOj4fI2Jeb88C4CAZPu25LDVUgXJ0A3Js4PMGqrn0JU1W0Mh1/Z8wZzYPxqUrXeBboCQ=="
        },
        "clean-regexp": {
            "version": "1.0.0",
            "resolved": "https://registry.npmjs.org/clean-regexp/-/clean-regexp-1.0.0.tgz",
            "integrity": "sha1-jffHquUf02h06PjQW5GAvBGj/tc=",
            "requires": {
                "escape-string-regexp": "^1.0.5"
            }
        },
        "color-convert": {
            "version": "1.9.3",
            "resolved": "https://registry.npmjs.org/color-convert/-/color-convert-1.9.3.tgz",
            "integrity": "sha512-QfAUtd+vFdAtFQcC8CCyYt1fYWxSqAiK2cSD6zDB8N3cpsEBAvRxp9zOGg6G/SHHJYAT88/az/IuDGALsNVbGg==",
            "requires": {
                "color-name": "1.1.3"
            }
        },
        "color-name": {
            "version": "1.1.3",
            "resolved": "https://registry.npmjs.org/color-name/-/color-name-1.1.3.tgz",
            "integrity": "sha1-p9BVi9icQveV3UIyj3QIMcpTvCU="
        },
        "concat-map": {
            "version": "0.0.1",
            "resolved": "https://registry.npmjs.org/concat-map/-/concat-map-0.0.1.tgz",
            "integrity": "sha1-2Klr13/Wjfd5OnMDajug1UBdR3s="
        },
        "contains-path": {
            "version": "0.1.0",
            "resolved": "https://registry.npmjs.org/contains-path/-/contains-path-0.1.0.tgz",
            "integrity": "sha1-/ozxhP9mcLa67wGp1IYaXL7EEgo="
        },
        "debug": {
            "version": "2.6.9",
            "resolved": "https://registry.npmjs.org/debug/-/debug-2.6.9.tgz",
            "integrity": "sha512-bC7ElrdJaJnPbAP+1EotYvqZsb3ecl5wi6Bfi6BJTUcNowp6cvspg0jXznRTKDjm/E7AdgFBVeAPVMNcKGsHMA==",
            "requires": {
                "ms": "2.0.0"
            }
        },
        "define-properties": {
            "version": "1.1.3",
            "resolved": "https://registry.npmjs.org/define-properties/-/define-properties-1.1.3.tgz",
            "integrity": "sha512-3MqfYKj2lLzdMSf8ZIZE/V+Zuy+BgD6f164e8K2w7dgnpKArBDerGYpM46IYYcjnkdPNMjPk9A6VFB8+3SKlXQ==",
            "requires": {
                "object-keys": "^1.0.12"
            }
        },
        "doctrine": {
            "version": "1.5.0",
            "resolved": "https://registry.npmjs.org/doctrine/-/doctrine-1.5.0.tgz",
            "integrity": "sha1-N53Ocw9hZvds76TmcHoVmwLFpvo=",
            "requires": {
                "esutils": "^2.0.2",
                "isarray": "^1.0.0"
            }
        },
        "error-ex": {
            "version": "1.3.2",
            "resolved": "https://registry.npmjs.org/error-ex/-/error-ex-1.3.2.tgz",
            "integrity": "sha512-7dFHNmqeFSEt2ZBsCriorKnn3Z2pj+fd9kmI6QoWw4//DL+icEBfc0U7qJCisqrTsKTjw4fNFy2pW9OqStD84g==",
            "requires": {
                "is-arrayish": "^0.2.1"
            }
        },
        "es-abstract": {
            "version": "1.16.0",
            "resolved": "https://registry.npmjs.org/es-abstract/-/es-abstract-1.16.0.tgz",
            "integrity": "sha512-xdQnfykZ9JMEiasTAJZJdMWCQ1Vm00NBw79/AWi7ELfZuuPCSOMDZbT9mkOfSctVtfhb+sAAzrm+j//GjjLHLg==",
            "requires": {
                "es-to-primitive": "^1.2.0",
                "function-bind": "^1.1.1",
                "has": "^1.0.3",
                "has-symbols": "^1.0.0",
                "is-callable": "^1.1.4",
                "is-regex": "^1.0.4",
                "object-inspect": "^1.6.0",
                "object-keys": "^1.1.1",
                "string.prototype.trimleft": "^2.1.0",
                "string.prototype.trimright": "^2.1.0"
            }
        },
        "es-to-primitive": {
            "version": "1.2.0",
            "resolved": "https://registry.npmjs.org/es-to-primitive/-/es-to-primitive-1.2.0.tgz",
            "integrity": "sha512-qZryBOJjV//LaxLTV6UC//WewneB3LcXOL9NP++ozKVXsIIIpm/2c13UDiD9Jp2eThsecw9m3jPqDwTyobcdbg==",
            "requires": {
                "is-callable": "^1.1.4",
                "is-date-object": "^1.0.1",
                "is-symbol": "^1.0.2"
            }
        },
        "escape-string-regexp": {
            "version": "1.0.5",
            "resolved": "https://registry.npmjs.org/escape-string-regexp/-/escape-string-regexp-1.0.5.tgz",
            "integrity": "sha1-G2HAViGQqN/2rjuyzwIAyhMLhtQ="
        },
        "eslint-ast-utils": {
            "version": "1.1.0",
            "resolved": "https://registry.npmjs.org/eslint-ast-utils/-/eslint-ast-utils-1.1.0.tgz",
            "integrity": "sha512-otzzTim2/1+lVrlH19EfQQJEhVJSu0zOb9ygb3iapN6UlyaDtyRq4b5U1FuW0v1lRa9Fp/GJyHkSwm6NqABgCA==",
            "requires": {
                "lodash.get": "^4.4.2",
                "lodash.zip": "^4.2.0"
            }
        },
        "eslint-import-resolver-node": {
            "version": "0.3.2",
            "resolved": "https://registry.npmjs.org/eslint-import-resolver-node/-/eslint-import-resolver-node-0.3.2.tgz",
            "integrity": "sha512-sfmTqJfPSizWu4aymbPr4Iidp5yKm8yDkHp+Ir3YiTHiiDfxh69mOUsmiqW6RZ9zRXFaF64GtYmN7e+8GHBv6Q==",
            "requires": {
                "debug": "^2.6.9",
                "resolve": "^1.5.0"
            }
        },
        "eslint-module-utils": {
            "version": "2.4.1",
            "resolved": "https://registry.npmjs.org/eslint-module-utils/-/eslint-module-utils-2.4.1.tgz",
            "integrity": "sha512-H6DOj+ejw7Tesdgbfs4jeS4YMFrT8uI8xwd1gtQqXssaR0EQ26L+2O/w6wkYFy2MymON0fTwHmXBvvfLNZVZEw==",
            "requires": {
                "debug": "^2.6.8",
                "pkg-dir": "^2.0.0"
            }
        },
        "eslint-plugin-array-func": {
            "version": "3.1.3",
            "resolved": "https://registry.npmjs.org/eslint-plugin-array-func/-/eslint-plugin-array-func-3.1.3.tgz",
            "integrity": "sha512-uRfJ4d9Fyyvxm6/w++++RSQoXZyERFF0+6zqupgg5Mw/+eG4y19yrptTghJlApntKlPZBpA4XCOIBzJbvLrArQ=="
        },
        "eslint-plugin-import": {
            "version": "2.18.2",
            "resolved": "https://registry.npmjs.org/eslint-plugin-import/-/eslint-plugin-import-2.18.2.tgz",
            "integrity": "sha512-5ohpsHAiUBRNaBWAF08izwUGlbrJoJJ+W9/TBwsGoR1MnlgfwMIKrFeSjWbt6moabiXW9xNvtFz+97KHRfI4HQ==",
            "requires": {
                "array-includes": "^3.0.3",
                "contains-path": "^0.1.0",
                "debug": "^2.6.9",
                "doctrine": "1.5.0",
                "eslint-import-resolver-node": "^0.3.2",
                "eslint-module-utils": "^2.4.0",
                "has": "^1.0.3",
                "minimatch": "^3.0.4",
                "object.values": "^1.1.0",
                "read-pkg-up": "^2.0.0",
                "resolve": "^1.11.0"
            }
        },
        "eslint-plugin-optimize-regex": {
            "version": "1.1.7",
            "resolved": "https://registry.npmjs.org/eslint-plugin-optimize-regex/-/eslint-plugin-optimize-regex-1.1.7.tgz",
            "integrity": "sha512-YiMp9uerCHqG+EhfQhCNNDyjWkaya2L8ggg0+ou5f1oVu51IK+ziE1VlzaILFVTrhU1llAQw+vNn7cOd73VtwQ==",
            "requires": {
                "regexp-tree": "0.1.11"
            }
        },
        "eslint-plugin-promise": {
            "version": "4.2.1",
            "resolved": "https://registry.npmjs.org/eslint-plugin-promise/-/eslint-plugin-promise-4.2.1.tgz",
            "integrity": "sha512-VoM09vT7bfA7D+upt+FjeBO5eHIJQBUWki1aPvB+vbNiHS3+oGIJGIeyBtKQTME6UPXXy3vV07OL1tHd3ANuDw=="
        },
        "eslint-plugin-security": {
            "version": "1.4.0",
            "resolved": "https://registry.npmjs.org/eslint-plugin-security/-/eslint-plugin-security-1.4.0.tgz",
            "integrity": "sha512-xlS7P2PLMXeqfhyf3NpqbvbnW04kN8M9NtmhpR3XGyOvt/vNKS7XPXT5EDbwKW9vCjWH4PpfQvgD/+JgN0VJKA==",
            "requires": {
                "safe-regex": "^1.1.0"
            }
        },
        "eslint-plugin-sonarjs": {
            "version": "0.4.0",
            "resolved": "https://registry.npmjs.org/eslint-plugin-sonarjs/-/eslint-plugin-sonarjs-0.4.0.tgz",
            "integrity": "sha512-l8E4ueMKVtEcocINHSNVH/YBSmDDXZlPEbud7bagRGyoCeB0otoyltoro5kdnIvVzS5usUwvjzMocHnPax2FEw=="
        },
        "eslint-plugin-unicorn": {
            "version": "12.1.0",
            "resolved": "https://registry.npmjs.org/eslint-plugin-unicorn/-/eslint-plugin-unicorn-12.1.0.tgz",
            "integrity": "sha512-DkPRrjaZaKa8GDjEyWGms/sqp2DcmVCcbwVi9WQXwN6+Sn0/joTC14SfA+BsCuxTaGPRm/7wa8NC8o5mNDyZpQ==",
            "requires": {
                "ci-info": "^2.0.0",
                "clean-regexp": "^1.0.0",
                "eslint-ast-utils": "^1.1.0",
                "eslint-template-visitor": "^1.0.0",
                "import-modules": "^2.0.0",
                "lodash.camelcase": "^4.3.0",
                "lodash.defaultsdeep": "^4.6.1",
                "lodash.kebabcase": "^4.1.1",
                "lodash.snakecase": "^4.1.1",
                "lodash.topairs": "^4.3.0",
                "lodash.upperfirst": "^4.3.1",
                "read-pkg-up": "^7.0.0",
                "regexpp": "^3.0.0",
                "reserved-words": "^0.1.2",
                "safe-regex": "^2.0.2",
                "semver": "^6.3.0"
            },
            "dependencies": {
                "find-up": {
                    "version": "4.1.0",
                    "resolved": "https://registry.npmjs.org/find-up/-/find-up-4.1.0.tgz",
                    "integrity": "sha512-PpOwAdQ/YlXQ2vj8a3h8IipDuYRi3wceVQQGYWxNINccq40Anw7BlsEXCMbt1Zt+OLA6Fq9suIpIWD0OsnISlw==",
                    "requires": {
                        "locate-path": "^5.0.0",
                        "path-exists": "^4.0.0"
                    }
                },
                "locate-path": {
                    "version": "5.0.0",
                    "resolved": "https://registry.npmjs.org/locate-path/-/locate-path-5.0.0.tgz",
                    "integrity": "sha512-t7hw9pI+WvuwNJXwk5zVHpyhIqzg2qTlklJOf0mVxGSbe3Fp2VieZcduNYjaLDoy6p9uGpQEGWG87WpMKlNq8g==",
                    "requires": {
                        "p-locate": "^4.1.0"
                    }
                },
                "p-limit": {
                    "version": "2.2.1",
                    "resolved": "https://registry.npmjs.org/p-limit/-/p-limit-2.2.1.tgz",
                    "integrity": "sha512-85Tk+90UCVWvbDavCLKPOLC9vvY8OwEX/RtKF+/1OADJMVlFfEHOiMTPVyxg7mk/dKa+ipdHm0OUkTvCpMTuwg==",
                    "requires": {
                        "p-try": "^2.0.0"
                    }
                },
                "p-locate": {
                    "version": "4.1.0",
                    "resolved": "https://registry.npmjs.org/p-locate/-/p-locate-4.1.0.tgz",
                    "integrity": "sha512-R79ZZ/0wAxKGu3oYMlz8jy/kbhsNrS7SKZ7PxEHBgJ5+F2mtFW2fK2cOtBh1cHYkQsbzFV7I+EoRKe6Yt0oK7A==",
                    "requires": {
                        "p-limit": "^2.2.0"
                    }
                },
                "p-try": {
                    "version": "2.2.0",
                    "resolved": "https://registry.npmjs.org/p-try/-/p-try-2.2.0.tgz",
                    "integrity": "sha512-R4nPAVTAU0B9D35/Gk3uJf/7XYbQcyohSKdvAxIRSNghFl4e71hVoGnBNQz9cWaXxO2I10KTC+3jMdvvoKw6dQ=="
                },
                "parse-json": {
                    "version": "5.0.0",
                    "resolved": "https://registry.npmjs.org/parse-json/-/parse-json-5.0.0.tgz",
                    "integrity": "sha512-OOY5b7PAEFV0E2Fir1KOkxchnZNCdowAJgQ5NuxjpBKTRP3pQhwkrkxqQjeoKJ+fO7bCpmIZaogI4eZGDMEGOw==",
                    "requires": {
                        "@babel/code-frame": "^7.0.0",
                        "error-ex": "^1.3.1",
                        "json-parse-better-errors": "^1.0.1",
                        "lines-and-columns": "^1.1.6"
                    }
                },
                "path-exists": {
                    "version": "4.0.0",
                    "resolved": "https://registry.npmjs.org/path-exists/-/path-exists-4.0.0.tgz",
                    "integrity": "sha512-ak9Qy5Q7jYb2Wwcey5Fpvg2KoAc/ZIhLSLOSBmRmygPsGwkVVt0fZa0qrtMz+m6tJTAHfZQ8FnmB4MG4LWy7/w=="
                },
                "read-pkg": {
                    "version": "5.2.0",
                    "resolved": "https://registry.npmjs.org/read-pkg/-/read-pkg-5.2.0.tgz",
                    "integrity": "sha512-Ug69mNOpfvKDAc2Q8DRpMjjzdtrnv9HcSMX+4VsZxD1aZ6ZzrIE7rlzXBtWTyhULSMKg076AW6WR5iZpD0JiOg==",
                    "requires": {
                        "@types/normalize-package-data": "^2.4.0",
                        "normalize-package-data": "^2.5.0",
                        "parse-json": "^5.0.0",
                        "type-fest": "^0.6.0"
                    },
                    "dependencies": {
                        "type-fest": {
                            "version": "0.6.0",
                            "resolved": "https://registry.npmjs.org/type-fest/-/type-fest-0.6.0.tgz",
                            "integrity": "sha512-q+MB8nYR1KDLrgr4G5yemftpMC7/QLqVndBmEEdqzmNj5dcFOO4Oo8qlwZE3ULT3+Zim1F8Kq4cBnikNhlCMlg=="
                        }
                    }
                },
                "read-pkg-up": {
                    "version": "7.0.0",
                    "resolved": "https://registry.npmjs.org/read-pkg-up/-/read-pkg-up-7.0.0.tgz",
                    "integrity": "sha512-t2ODkS/vTTcRlKwZiZsaLGb5iwfx9Urp924aGzVyboU6+7Z2i6eGr/G1Z4mjvwLLQV3uFOBKobNRGM3ux2PD/w==",
                    "requires": {
                        "find-up": "^4.1.0",
                        "read-pkg": "^5.2.0",
                        "type-fest": "^0.8.1"
                    }
                },
                "safe-regex": {
                    "version": "2.1.1",
                    "resolved": "https://registry.npmjs.org/safe-regex/-/safe-regex-2.1.1.tgz",
                    "integrity": "sha512-rx+x8AMzKb5Q5lQ95Zoi6ZbJqwCLkqi3XuJXp5P3rT8OEc6sZCJG5AE5dU3lsgRr/F4Bs31jSlVN+j5KrsGu9A==",
                    "requires": {
                        "regexp-tree": "~0.1.1"
                    }
                },
                "semver": {
                    "version": "6.3.0",
                    "resolved": "https://registry.npmjs.org/semver/-/semver-6.3.0.tgz",
                    "integrity": "sha512-b39TBaTSfV6yBrapU89p5fKekE2m/NwnDocOVruQFS1/veMgdzuPcnOM34M6CwxW8jH/lxEa5rBoDeUwu5HHTw=="
                }
            }
        },
        "eslint-template-visitor": {
            "version": "1.1.0",
            "resolved": "https://registry.npmjs.org/eslint-template-visitor/-/eslint-template-visitor-1.1.0.tgz",
            "integrity": "sha512-Lmy6QVlmFiIGl5fPi+8ACnov3sare+0Ouf7deJAGGhmUfeWJ5fVarELUxZRpsZ9sHejiJUq8626d0dn9uvcZTw==",
            "requires": {
                "eslint-visitor-keys": "^1.1.0",
                "espree": "^6.1.1",
                "multimap": "^1.0.2"
            }
        },
        "eslint-visitor-keys": {
            "version": "1.1.0",
            "resolved": "https://registry.npmjs.org/eslint-visitor-keys/-/eslint-visitor-keys-1.1.0.tgz",
            "integrity": "sha512-8y9YjtM1JBJU/A9Kc+SbaOV4y29sSWckBwMHa+FGtVj5gN/sbnKDf6xJUl+8g7FAij9LVaP8C24DUiH/f/2Z9A=="
        },
        "espree": {
            "version": "6.1.2",
            "resolved": "https://registry.npmjs.org/espree/-/espree-6.1.2.tgz",
            "integrity": "sha512-2iUPuuPP+yW1PZaMSDM9eyVf8D5P0Hi8h83YtZ5bPc/zHYjII5khoixIUTMO794NOY8F/ThF1Bo8ncZILarUTA==",
            "requires": {
                "acorn": "^7.1.0",
                "acorn-jsx": "^5.1.0",
                "eslint-visitor-keys": "^1.1.0"
            }
        },
        "esutils": {
            "version": "2.0.3",
            "resolved": "https://registry.npmjs.org/esutils/-/esutils-2.0.3.tgz",
            "integrity": "sha512-kVscqXk4OCp68SZ0dkgEKVi6/8ij300KBWTJq32P/dYeWTSwK41WyTxalN1eRmA5Z9UU/LX9D7FWSmV9SAYx6g=="
        },
        "find-up": {
            "version": "2.1.0",
            "resolved": "https://registry.npmjs.org/find-up/-/find-up-2.1.0.tgz",
            "integrity": "sha1-RdG35QbHF93UgndaK3eSCjwMV6c=",
            "requires": {
                "locate-path": "^2.0.0"
            }
        },
        "function-bind": {
            "version": "1.1.1",
            "resolved": "https://registry.npmjs.org/function-bind/-/function-bind-1.1.1.tgz",
            "integrity": "sha512-yIovAzMX49sF8Yl58fSCWJ5svSLuaibPxXQJFLmBObTuCr0Mf1KiPopGM9NiFjiYBCbfaa2Fh6breQ6ANVTI0A=="
        },
        "graceful-fs": {
            "version": "4.2.3",
            "resolved": "https://registry.npmjs.org/graceful-fs/-/graceful-fs-4.2.3.tgz",
            "integrity": "sha512-a30VEBm4PEdx1dRB7MFK7BejejvCvBronbLjht+sHuGYj8PHs7M/5Z+rt5lw551vZ7yfTCj4Vuyy3mSJytDWRQ=="
        },
        "has": {
            "version": "1.0.3",
            "resolved": "https://registry.npmjs.org/has/-/has-1.0.3.tgz",
            "integrity": "sha512-f2dvO0VU6Oej7RkWJGrehjbzMAjFp5/VKPp5tTpWIV4JHHZK1/BxbFRtf/siA2SWTe09caDmVtYYzWEIbBS4zw==",
            "requires": {
                "function-bind": "^1.1.1"
            }
        },
        "has-flag": {
            "version": "3.0.0",
            "resolved": "https://registry.npmjs.org/has-flag/-/has-flag-3.0.0.tgz",
            "integrity": "sha1-tdRU3CGZriJWmfNGfloH87lVuv0="
        },
        "has-symbols": {
            "version": "1.0.0",
            "resolved": "https://registry.npmjs.org/has-symbols/-/has-symbols-1.0.0.tgz",
            "integrity": "sha1-uhqPGvKg/DllD1yFA2dwQSIGO0Q="
        },
        "hosted-git-info": {
            "version": "2.8.5",
            "resolved": "https://registry.npmjs.org/hosted-git-info/-/hosted-git-info-2.8.5.tgz",
            "integrity": "sha512-kssjab8CvdXfcXMXVcvsXum4Hwdq9XGtRD3TteMEvEbq0LXyiNQr6AprqKqfeaDXze7SxWvRxdpwE6ku7ikLkg=="
        },
        "import-modules": {
            "version": "2.0.0",
            "resolved": "https://registry.npmjs.org/import-modules/-/import-modules-2.0.0.tgz",
            "integrity": "sha512-iczM/v9drffdNnABOKwj0f9G3cFDon99VcG1mxeBsdqnbd+vnQ5c2uAiCHNQITqFTOPaEvwg3VjoWCur0uHLEw=="
        },
        "is-arrayish": {
            "version": "0.2.1",
            "resolved": "https://registry.npmjs.org/is-arrayish/-/is-arrayish-0.2.1.tgz",
            "integrity": "sha1-d8mYQFJ6qOyxqLppe4BkWnqSap0="
        },
        "is-callable": {
            "version": "1.1.4",
            "resolved": "https://registry.npmjs.org/is-callable/-/is-callable-1.1.4.tgz",
            "integrity": "sha512-r5p9sxJjYnArLjObpjA4xu5EKI3CuKHkJXMhT7kwbpUyIFD1n5PMAsoPvWnvtZiNz7LjkYDRZhd7FlI0eMijEA=="
        },
        "is-date-object": {
            "version": "1.0.1",
            "resolved": "https://registry.npmjs.org/is-date-object/-/is-date-object-1.0.1.tgz",
            "integrity": "sha1-mqIOtq7rv/d/vTPnTKAbM1gdOhY="
        },
        "is-regex": {
            "version": "1.0.4",
            "resolved": "https://registry.npmjs.org/is-regex/-/is-regex-1.0.4.tgz",
            "integrity": "sha1-VRdIm1RwkbCTDglWVM7SXul+lJE=",
            "requires": {
                "has": "^1.0.1"
            }
        },
        "is-symbol": {
            "version": "1.0.2",
            "resolved": "https://registry.npmjs.org/is-symbol/-/is-symbol-1.0.2.tgz",
            "integrity": "sha512-HS8bZ9ox60yCJLH9snBpIwv9pYUAkcuLhSA1oero1UB5y9aiQpRA8y2ex945AOtCZL1lJDeIk3G5LthswI46Lw==",
            "requires": {
                "has-symbols": "^1.0.0"
            }
        },
        "isarray": {
            "version": "1.0.0",
            "resolved": "https://registry.npmjs.org/isarray/-/isarray-1.0.0.tgz",
            "integrity": "sha1-u5NdSFgsuhaMBoNJV6VKPgcSTxE="
        },
        "js-tokens": {
            "version": "4.0.0",
            "resolved": "https://registry.npmjs.org/js-tokens/-/js-tokens-4.0.0.tgz",
            "integrity": "sha512-RdJUflcE3cUzKiMqQgsCu06FPu9UdIJO0beYbPhHN4k6apgJtifcoCtT9bcxOpYBtpD2kCM6Sbzg4CausW/PKQ=="
        },
        "json-parse-better-errors": {
            "version": "1.0.2",
            "resolved": "https://registry.npmjs.org/json-parse-better-errors/-/json-parse-better-errors-1.0.2.tgz",
            "integrity": "sha512-mrqyZKfX5EhL7hvqcV6WG1yYjnjeuYDzDhhcAAUrq8Po85NBQBJP+ZDUT75qZQ98IkUoBqdkExkukOU7Ts2wrw=="
        },
        "lines-and-columns": {
            "version": "1.1.6",
            "resolved": "https://registry.npmjs.org/lines-and-columns/-/lines-and-columns-1.1.6.tgz",
            "integrity": "sha1-HADHQ7QzzQpOgHWPe2SldEDZ/wA="
        },
        "load-json-file": {
            "version": "2.0.0",
            "resolved": "https://registry.npmjs.org/load-json-file/-/load-json-file-2.0.0.tgz",
            "integrity": "sha1-eUfkIUmvgNaWy/eXvKq8/h/inKg=",
            "requires": {
                "graceful-fs": "^4.1.2",
                "parse-json": "^2.2.0",
                "pify": "^2.0.0",
                "strip-bom": "^3.0.0"
            }
        },
        "locate-path": {
            "version": "2.0.0",
            "resolved": "https://registry.npmjs.org/locate-path/-/locate-path-2.0.0.tgz",
            "integrity": "sha1-K1aLJl7slExtnA3pw9u7ygNUzY4=",
            "requires": {
                "p-locate": "^2.0.0",
                "path-exists": "^3.0.0"
            }
        },
        "lodash.camelcase": {
            "version": "4.3.0",
            "resolved": "https://registry.npmjs.org/lodash.camelcase/-/lodash.camelcase-4.3.0.tgz",
            "integrity": "sha1-soqmKIorn8ZRA1x3EfZathkDMaY="
        },
        "lodash.defaultsdeep": {
            "version": "4.6.1",
            "resolved": "https://registry.npmjs.org/lodash.defaultsdeep/-/lodash.defaultsdeep-4.6.1.tgz",
            "integrity": "sha512-3j8wdDzYuWO3lM3Reg03MuQR957t287Rpcxp1njpEa8oDrikb+FwGdW3n+FELh/A6qib6yPit0j/pv9G/yeAqA=="
        },
        "lodash.get": {
            "version": "4.4.2",
            "resolved": "https://registry.npmjs.org/lodash.get/-/lodash.get-4.4.2.tgz",
            "integrity": "sha1-LRd/ZS+jHpObRDjVNBSZ36OCXpk="
        },
        "lodash.kebabcase": {
            "version": "4.1.1",
            "resolved": "https://registry.npmjs.org/lodash.kebabcase/-/lodash.kebabcase-4.1.1.tgz",
            "integrity": "sha1-hImxyw0p/4gZXM7KRI/21swpXDY="
        },
        "lodash.snakecase": {
            "version": "4.1.1",
            "resolved": "https://registry.npmjs.org/lodash.snakecase/-/lodash.snakecase-4.1.1.tgz",
            "integrity": "sha1-OdcUo1NXFHg3rv1ktdy7Fr7Nj40="
        },
        "lodash.topairs": {
            "version": "4.3.0",
            "resolved": "https://registry.npmjs.org/lodash.topairs/-/lodash.topairs-4.3.0.tgz",
            "integrity": "sha1-O23qo31g+xFnE8RsXxfqGQ7EjWQ="
        },
        "lodash.upperfirst": {
            "version": "4.3.1",
            "resolved": "https://registry.npmjs.org/lodash.upperfirst/-/lodash.upperfirst-4.3.1.tgz",
            "integrity": "sha1-E2Xt9DFIBIHvDRxolXpe2Z1J984="
        },
        "lodash.zip": {
            "version": "4.2.0",
            "resolved": "https://registry.npmjs.org/lodash.zip/-/lodash.zip-4.2.0.tgz",
            "integrity": "sha1-7GZi5IlkCO1KtsVCo5kLcswIACA="
        },
        "minimatch": {
            "version": "3.0.4",
            "resolved": "https://registry.npmjs.org/minimatch/-/minimatch-3.0.4.tgz",
            "integrity": "sha512-yJHVQEhyqPLUTgt9B83PXu6W3rx4MvvHvSUvToogpwoGDOUQ+yDrR0HRot+yOCdCO7u4hX3pWft6kWBBcqh0UA==",
            "requires": {
                "brace-expansion": "^1.1.7"
            }
        },
        "ms": {
            "version": "2.0.0",
            "resolved": "https://registry.npmjs.org/ms/-/ms-2.0.0.tgz",
            "integrity": "sha1-VgiurfwAvmwpAd9fmGF4jeDVl8g="
        },
        "multimap": {
            "version": "1.0.2",
            "resolved": "https://registry.npmjs.org/multimap/-/multimap-1.0.2.tgz",
            "integrity": "sha1-aqdvwyM5BbqUi75MdNwsOgNW6zY="
        },
        "normalize-package-data": {
            "version": "2.5.0",
            "resolved": "https://registry.npmjs.org/normalize-package-data/-/normalize-package-data-2.5.0.tgz",
            "integrity": "sha512-/5CMN3T0R4XTj4DcGaexo+roZSdSFW/0AOOTROrjxzCG1wrWXEsGbRKevjlIL+ZDE4sZlJr5ED4YW0yqmkK+eA==",
            "requires": {
                "hosted-git-info": "^2.1.4",
                "resolve": "^1.10.0",
                "semver": "2 || 3 || 4 || 5",
                "validate-npm-package-license": "^3.0.1"
            }
        },
        "object-inspect": {
            "version": "1.6.0",
            "resolved": "https://registry.npmjs.org/object-inspect/-/object-inspect-1.6.0.tgz",
            "integrity": "sha512-GJzfBZ6DgDAmnuaM3104jR4s1Myxr3Y3zfIyN4z3UdqN69oSRacNK8UhnobDdC+7J2AHCjGwxQubNJfE70SXXQ=="
        },
        "object-keys": {
            "version": "1.1.1",
            "resolved": "https://registry.npmjs.org/object-keys/-/object-keys-1.1.1.tgz",
            "integrity": "sha512-NuAESUOUMrlIXOfHKzD6bpPu3tYt3xvjNdRIQ+FeT0lNb4K8WR70CaDxhuNguS2XG+GjkyMwOzsN5ZktImfhLA=="
        },
        "object.values": {
            "version": "1.1.0",
            "resolved": "https://registry.npmjs.org/object.values/-/object.values-1.1.0.tgz",
            "integrity": "sha512-8mf0nKLAoFX6VlNVdhGj31SVYpaNFtUnuoOXWyFEstsWRgU837AK+JYM0iAxwkSzGRbwn8cbFmgbyxj1j4VbXg==",
            "requires": {
                "define-properties": "^1.1.3",
                "es-abstract": "^1.12.0",
                "function-bind": "^1.1.1",
                "has": "^1.0.3"
            }
        },
        "p-limit": {
            "version": "1.3.0",
            "resolved": "https://registry.npmjs.org/p-limit/-/p-limit-1.3.0.tgz",
            "integrity": "sha512-vvcXsLAJ9Dr5rQOPk7toZQZJApBl2K4J6dANSsEuh6QI41JYcsS/qhTGa9ErIUUgK3WNQoJYvylxvjqmiqEA9Q==",
            "requires": {
                "p-try": "^1.0.0"
            }
        },
        "p-locate": {
            "version": "2.0.0",
            "resolved": "https://registry.npmjs.org/p-locate/-/p-locate-2.0.0.tgz",
            "integrity": "sha1-IKAQOyIqcMj9OcwuWAaA893l7EM=",
            "requires": {
                "p-limit": "^1.1.0"
            }
        },
        "p-try": {
            "version": "1.0.0",
            "resolved": "https://registry.npmjs.org/p-try/-/p-try-1.0.0.tgz",
            "integrity": "sha1-y8ec26+P1CKOE/Yh8rGiN8GyB7M="
        },
        "parse-json": {
            "version": "2.2.0",
            "resolved": "https://registry.npmjs.org/parse-json/-/parse-json-2.2.0.tgz",
            "integrity": "sha1-9ID0BDTvgHQfhGkJn43qGPVaTck=",
            "requires": {
                "error-ex": "^1.2.0"
            }
        },
        "path-exists": {
            "version": "3.0.0",
            "resolved": "https://registry.npmjs.org/path-exists/-/path-exists-3.0.0.tgz",
            "integrity": "sha1-zg6+ql94yxiSXqfYENe1mwEP1RU="
        },
        "path-parse": {
            "version": "1.0.6",
            "resolved": "https://registry.npmjs.org/path-parse/-/path-parse-1.0.6.tgz",
            "integrity": "sha512-GSmOT2EbHrINBf9SR7CDELwlJ8AENk3Qn7OikK4nFYAu3Ote2+JYNVvkpAEQm3/TLNEJFD/xZJjzyxg3KBWOzw=="
        },
        "path-type": {
            "version": "2.0.0",
            "resolved": "https://registry.npmjs.org/path-type/-/path-type-2.0.0.tgz",
            "integrity": "sha1-8BLMuEFbcJb8LaoQVMPXI4lZTHM=",
            "requires": {
                "pify": "^2.0.0"
            }
        },
        "pify": {
            "version": "2.3.0",
            "resolved": "https://registry.npmjs.org/pify/-/pify-2.3.0.tgz",
            "integrity": "sha1-7RQaasBDqEnqWISY59yosVMw6Qw="
        },
        "pkg-dir": {
            "version": "2.0.0",
            "resolved": "https://registry.npmjs.org/pkg-dir/-/pkg-dir-2.0.0.tgz",
            "integrity": "sha1-9tXREJ4Z1j7fQo4L1X4Sd3YVM0s=",
            "requires": {
                "find-up": "^2.1.0"
            }
        },
        "read-pkg": {
            "version": "2.0.0",
            "resolved": "https://registry.npmjs.org/read-pkg/-/read-pkg-2.0.0.tgz",
            "integrity": "sha1-jvHAYjxqbbDcZxPEv6xGMysjaPg=",
            "requires": {
                "load-json-file": "^2.0.0",
                "normalize-package-data": "^2.3.2",
                "path-type": "^2.0.0"
            }
        },
        "read-pkg-up": {
            "version": "2.0.0",
            "resolved": "https://registry.npmjs.org/read-pkg-up/-/read-pkg-up-2.0.0.tgz",
            "integrity": "sha1-a3KoBImE4MQeeVEP1en6mbO1Sb4=",
            "requires": {
                "find-up": "^2.0.0",
                "read-pkg": "^2.0.0"
            }
        },
        "regexp-tree": {
            "version": "0.1.11",
            "resolved": "https://registry.npmjs.org/regexp-tree/-/regexp-tree-0.1.11.tgz",
            "integrity": "sha512-7/l/DgapVVDzZobwMCCgMlqiqyLFJ0cduo/j+3BcDJIB+yJdsYCfKuI3l/04NV+H/rfNRdPIDbXNZHM9XvQatg=="
        },
        "regexpp": {
            "version": "3.0.0",
            "resolved": "https://registry.npmjs.org/regexpp/-/regexpp-3.0.0.tgz",
            "integrity": "sha512-Z+hNr7RAVWxznLPuA7DIh8UNX1j9CDrUQxskw9IrBE1Dxue2lyXT+shqEIeLUjrokxIP8CMy1WkjgG3rTsd5/g=="
        },
        "reserved-words": {
            "version": "0.1.2",
            "resolved": "https://registry.npmjs.org/reserved-words/-/reserved-words-0.1.2.tgz",
            "integrity": "sha1-AKCUD5jNUBrqqsMWQR2a3FKzGrE="
        },
        "resolve": {
            "version": "1.12.0",
            "resolved": "https://registry.npmjs.org/resolve/-/resolve-1.12.0.tgz",
            "integrity": "sha512-B/dOmuoAik5bKcD6s6nXDCjzUKnaDvdkRyAk6rsmsKLipWj4797iothd7jmmUhWTfinVMU+wc56rYKsit2Qy4w==",
            "requires": {
                "path-parse": "^1.0.6"
            }
        },
        "ret": {
            "version": "0.1.15",
            "resolved": "https://registry.npmjs.org/ret/-/ret-0.1.15.tgz",
            "integrity": "sha512-TTlYpa+OL+vMMNG24xSlQGEJ3B/RzEfUlLct7b5G/ytav+wPrplCpVMFuwzXbkecJrb6IYo1iFb0S9v37754mg=="
        },
        "safe-regex": {
            "version": "1.1.0",
            "resolved": "https://registry.npmjs.org/safe-regex/-/safe-regex-1.1.0.tgz",
            "integrity": "sha1-QKNmnzsHfR6UPURinhV91IAjvy4=",
            "requires": {
                "ret": "~0.1.10"
            }
        },
        "semver": {
            "version": "5.7.1",
            "resolved": "https://registry.npmjs.org/semver/-/semver-5.7.1.tgz",
            "integrity": "sha512-sauaDf/PZdVgrLTNYHRtpXa1iRiKcaebiKQ1BJdpQlWH2lCvexQdX55snPFyK7QzpudqbCI0qXFfOasHdyNDGQ=="
        },
        "spdx-correct": {
            "version": "3.1.0",
            "resolved": "https://registry.npmjs.org/spdx-correct/-/spdx-correct-3.1.0.tgz",
            "integrity": "sha512-lr2EZCctC2BNR7j7WzJ2FpDznxky1sjfxvvYEyzxNyb6lZXHODmEoJeFu4JupYlkfha1KZpJyoqiJ7pgA1qq8Q==",
            "requires": {
                "spdx-expression-parse": "^3.0.0",
                "spdx-license-ids": "^3.0.0"
            }
        },
        "spdx-exceptions": {
            "version": "2.2.0",
            "resolved": "https://registry.npmjs.org/spdx-exceptions/-/spdx-exceptions-2.2.0.tgz",
            "integrity": "sha512-2XQACfElKi9SlVb1CYadKDXvoajPgBVPn/gOQLrTvHdElaVhr7ZEbqJaRnJLVNeaI4cMEAgVCeBMKF6MWRDCRA=="
        },
        "spdx-expression-parse": {
            "version": "3.0.0",
            "resolved": "https://registry.npmjs.org/spdx-expression-parse/-/spdx-expression-parse-3.0.0.tgz",
            "integrity": "sha512-Yg6D3XpRD4kkOmTpdgbUiEJFKghJH03fiC1OPll5h/0sO6neh2jqRDVHOQ4o/LMea0tgCkbMgea5ip/e+MkWyg==",
            "requires": {
                "spdx-exceptions": "^2.1.0",
                "spdx-license-ids": "^3.0.0"
            }
        },
        "spdx-license-ids": {
            "version": "3.0.5",
            "resolved": "https://registry.npmjs.org/spdx-license-ids/-/spdx-license-ids-3.0.5.tgz",
            "integrity": "sha512-J+FWzZoynJEXGphVIS+XEh3kFSjZX/1i9gFBaWQcB+/tmpe2qUsSBABpcxqxnAxFdiUFEgAX1bjYGQvIZmoz9Q=="
        },
        "string.prototype.trimleft": {
            "version": "2.1.0",
            "resolved": "https://registry.npmjs.org/string.prototype.trimleft/-/string.prototype.trimleft-2.1.0.tgz",
            "integrity": "sha512-FJ6b7EgdKxxbDxc79cOlok6Afd++TTs5szo+zJTUyow3ycrRfJVE2pq3vcN53XexvKZu/DJMDfeI/qMiZTrjTw==",
            "requires": {
                "define-properties": "^1.1.3",
                "function-bind": "^1.1.1"
            }
        },
        "string.prototype.trimright": {
            "version": "2.1.0",
            "resolved": "https://registry.npmjs.org/string.prototype.trimright/-/string.prototype.trimright-2.1.0.tgz",
            "integrity": "sha512-fXZTSV55dNBwv16uw+hh5jkghxSnc5oHq+5K/gXgizHwAvMetdAJlHqqoFC1FSDVPYWLkAKl2cxpUT41sV7nSg==",
            "requires": {
                "define-properties": "^1.1.3",
                "function-bind": "^1.1.1"
            }
        },
        "strip-bom": {
            "version": "3.0.0",
            "resolved": "https://registry.npmjs.org/strip-bom/-/strip-bom-3.0.0.tgz",
            "integrity": "sha1-IzTBjpx1n3vdVv3vfprj1YjmjtM="
        },
        "supports-color": {
            "version": "5.5.0",
            "resolved": "https://registry.npmjs.org/supports-color/-/supports-color-5.5.0.tgz",
            "integrity": "sha512-QjVjwdXIt408MIiAqCX4oUKsgU2EqAGzs2Ppkm4aQYbjm+ZEWEcW4SfFNTr4uMNZma0ey4f5lgLrkB0aX0QMow==",
            "requires": {
                "has-flag": "^3.0.0"
            }
        },
        "type-fest": {
            "version": "0.8.1",
            "resolved": "https://registry.npmjs.org/type-fest/-/type-fest-0.8.1.tgz",
            "integrity": "sha512-4dbzIzqvjtgiM5rw1k5rEHtBANKmdudhGyBEajN01fEyhaAIhsoKNy6y7+IN93IfpFtwY9iqi7kD+xwKhQsNJA=="
        },
        "validate-npm-package-license": {
            "version": "3.0.4",
            "resolved": "https://registry.npmjs.org/validate-npm-package-license/-/validate-npm-package-license-3.0.4.tgz",
            "integrity": "sha512-DpKm2Ui/xN7/HQKCtpZxoRWBhZ9Z0kqtygG8XCgNQ8ZlDnxuQmWhj566j8fN4Cu3/JmbhsDo7fcAJq4s9h27Ew==",
            "requires": {
                "spdx-correct": "^3.0.0",
                "spdx-expression-parse": "^3.0.0"
            }
        }
    }
}
